
Microsoft Visual Studio Solution File, Format Version 12.00
# Visual Studio Version 17
VisualStudioVersion = 17.10.34928.147
MinimumVisualStudioVersion = 10.0.40219.1
Project("{FAE04EC0-301F-11D3-BF4B-00C04F79EFBC}") = "nota", "nota\nota.csproj", "{72AD5898-C233-4ABB-99E9-CAF23F73E4FA}"
EndProject
Global
	GlobalSection(SolutionConfigurationPlatforms) = preSolution
		Debug|Any CPU = Debug|Any CPU
		Release|Any CPU = Release|Any CPU
	EndGlobalSection
	GlobalSection(ProjectConfigurationPlatforms) = postSolution
		{72AD5898-C233-4ABB-99E9-CAF23F73E4FA}.Debug|Any CPU.ActiveCfg = Debug|Any CPU
		{72AD5898-C233-4ABB-99E9-CAF23F73E4FA}.Debug|Any CPU.Build.0 = Debug|Any CPU
		{72AD5898-C233-4ABB-99E9-CAF23F73E4FA}.Release|Any CPU.ActiveCfg = Release|Any CPU
		{72AD5898-C233-4ABB-99E9-CAF23F73E4FA}.Release|Any CPU.Build.0 = Release|Any CPU
	EndGlobalSection
	GlobalSection(SolutionProperties) = preSolution
		HideSolutionNode = FALSE
	EndGlobalSection
	GlobalSection(ExtensibilityGlobals) = postSolution
		SolutionGuid = {8A65FD1B-BFD1-451B-8293-A705E35DA553}
	EndGlobalSection
EndGlobal
