
Microsoft Visual Studio Solution File, Format Version 12.00
# Visual Studio Version 17
VisualStudioVersion = 17.9.34616.47
MinimumVisualStudioVersion = 10.0.40219.1
Project("{FAE04EC0-301F-11D3-BF4B-00C04F79EFBC}") = "Cronometro.Web", "Cronometro.Web\Cronometro.Web.csproj", "{DED81AFC-E6FD-41CE-9C16-CB76FFAA60F2}"
EndProject
Global
	GlobalSection(SolutionConfigurationPlatforms) = preSolution
		Debug|Any CPU = Debug|Any CPU
		Release|Any CPU = Release|Any CPU
	EndGlobalSection
	GlobalSection(ProjectConfigurationPlatforms) = postSolution
		{DED81AFC-E6FD-41CE-9C16-CB76FFAA60F2}.Debug|Any CPU.ActiveCfg = Debug|Any CPU
		{DED81AFC-E6FD-41CE-9C16-CB76FFAA60F2}.Debug|Any CPU.Build.0 = Debug|Any CPU
		{DED81AFC-E6FD-41CE-9C16-CB76FFAA60F2}.Release|Any CPU.ActiveCfg = Release|Any CPU
		{DED81AFC-E6FD-41CE-9C16-CB76FFAA60F2}.Release|Any CPU.Build.0 = Release|Any CPU
	EndGlobalSection
	GlobalSection(SolutionProperties) = preSolution
		HideSolutionNode = FALSE
	EndGlobalSection
	GlobalSection(ExtensibilityGlobals) = postSolution
		SolutionGuid = {3AABF754-8BCE-47D6-B2C9-D2B3580E9EAA}
	EndGlobalSection
EndGlobal
